{
  "version": 4,
  "terraform_version": "1.15.8",
  "serial": 33,
  "lineage": "50b010d9-130c-31c4-fc24-ff15bfb48496",
  "outputs": {
    "droplet_ip": {
      "value": "167.172.190.93",
      "type": "string"
    }
  },
  "resources": [
    {
      "mode": "managed",
      "type": "digitalocean_droplet",
      "name": "server",
      "provider": "provider[\"registry.terraform.io/digitalocean/digitalocean\"]",
      "instances": [
        {
          "schema_version": 1,
          "attributes": {
            "backup_policy": [],
            "backups": false,
            "created_at": "2026-09-07T17:07:57Z",
            "disk": 50,
            "droplet_agent": null,
            "gpu_partition_mode": null,
            "graceful_shutdown": false,
            "id": "598522473",
            "image": "ubuntu-24-04-x64",
            "ipv4_address": "167.172.190.93",
            "ipv4_address_private": "10.114.0.2",
            "ipv6": false,
            "ipv6_address": "",
            "locked": false,
            "memory": 2048,
            "monitoring": false,
            "name": "tnmp-converter",
            "price_hourly": 0.01786,
            "price_monthly": 12,
            "private_networking": true,
            "public_networking": true,
            "region": "fra1",
            "resize_disk": true,
            "size": "s-1vcpu-2gb",
            "ssh_keys": [
              "59180244"
            ],
            "status": "active",
            "tags": null,
            "timeouts": null,
            "urn": "do:droplet:598522473",
            "user_data": null,
            "vcpus": 1,
            "volume_ids": [],
            "vpc_uuid": "db02016f-97a6-42af-a88a-1124c835b7f6"
          },
          "sensitive_attributes": [],
          "identity_schema_version": 0,
          "private": "eyJlMmJmYjczMC1lY2FhLTExZTYtOGY4OC0zNDM2M2JjN2M0YzAiOnsiY3JlYXRlIjozNjAwMDAwMDAwMDAwLCJkZWxldGUiOjYwMDAwMDAwMDAwLCJ1cGRhdGUiOjM2MDAwMDAwMDAwMDB9LCJzY2hlbWFfdmVyc2lvbiI6IjEifQ==",
          "dependencies": [
            "digitalocean_ssh_key.public_key"
          ]
        }
      ]
    },
    {
      "mode": "managed",
      "type": "digitalocean_ssh_key",
      "name": "public_key",
      "provider": "provider[\"registry.terraform.io/digitalocean/digitalocean\"]",
      "instances": [
        {
          "schema_version": 0,
          "attributes": {
            "fingerprint": "77:0d:b2:44:f5:d1:54:da:cf:d0:88:ad:44:8e:29:4a",
            "id": "59180244",
            "name": "tnmp_converter_key",
            "public_key": "ssh-rsa AAAAB3NzaC1yc2EAAAADAQABAAACAQDbBiPU4XagGyzcd+VTV/QivdNU7/FephZOyX7KPSuAmBYeSf9yfdC7/1+yin2GMcQpUKsXHvBJdv2/4uN7HJF1QMj5hvO/kl6FSI45kW3q9KIxG+CtE4yCmG9NkS1v7QtLoWDNwLdX5Lq8s3MnV4FAt/rQdsT+8IMffO/qS6+rF/yjs2X/Q0OF/8e4SJkQ2bOEyuuzg3OdpdNH4RkpMAq5VUY+8+dR3eD9SpJhLhFAwN5b3ZkZqaQAYAZstzomrBmPd3dCrIJOjKuflEv7D7b2RMsLgdkisdagC1csaBqE7nhNchtSEtq875kGQF8WxjuEqkLLJ1Vvt3x1XCvElzKcKhATsY80ACQ2Hb5t/AGCMMFwazzraCq5ruCVIklg6KweeiJT7sSWKd727MrodLMjcidaRqV5eksgKra6tYxRa1Xi8l1Gm/qtv2gEosIf/WFwaKblS18KRMr/a/wRiyh8Qn0cHJdD5a1N5DzrKn4wV634mmkLfE1l0X3TT1OYISaaONwACtfRQvMgQKV/rgO5xYao2INrpeqcIL1SqY0bRt4Qj+nvXx8D/UIkp5Avs1Wjsbx+7MykTS3aqII/P/3tRQMAawuoW2ziUwrsGoMKe2LN28DWEbCWG/hFm+fo+savvokibJQBM3eHCKVgOvxesDllL9MS/rBu8q2UpT5lWQ== sohaibkhiaf@gmail.com",
            "timeouts": null
          },
          "sensitive_attributes": [
            [
              {
                "type": "get_attr",
                "value": "public_key"
              }
            ]
          ],
          "identity_schema_version": 0,
          "private": "eyJlMmJmYjczMC1lY2FhLTExZTYtOGY4OC0zNDM2M2JjN2M0YzAiOnsiY3JlYXRlIjoxMjAwMDAwMDAwMDB9fQ=="
        }
      ]
    }
  ],
  "check_results": null
}
